# This file is automatically @generated by freight.
# Do not edit manually.
version = 1

[[package]]
name    = "vecmath"
version = "0.1.0"
source  = "path+.deps/vecmath"
checksum = "sha256:1b49b8788886bdc16bcdbc06d1679a08b43f31f7fe6ebdccd62b2649498eb6d5"

[[package]]
name    = "with-deps"
version = "0.1.0"
dependencies = [
    "vecmath",
]
